<!DOCTYPE html>
<html lang="vi">
<head>
    <meta charset="UTF-8">
    <meta name="viewport" content="width=device-width, initial-scale=1.0">
    <title>Chăm Sóc Thú Cưng</title>
    <style>
        /* Định dạng chung */
        body {
            font-family: Arial, sans-serif;
            margin: 0;
            padding: 0;
            background-color: #f4f4f4;
        }

        header {
            background-color: #333;
            color: white;
            padding: 20px;
            text-align: center;
        }

        header h1 {
            margin: 0;
        }

        .slogan {
            font-style: italic;
            margin-top: 10px;
        }

        nav {
            text-align: center;
            background-color: #444;
            padding: 10px;
        }

        nav a {
            color: white;
            padding: 10px;
            text-decoration: none;
            font-size: 16px;
        }

        nav a:hover {
            background-color: #575757;
        }

        /* Banner */
        .banner {
            margin: 20px auto;
            padding: 20px;
            background-color: #ffeb3b;
            border: 2px solid #ff9800;
            width: 90%;
            text-align: center;
            border-radius: 10px;
            transition: all 0.3s ease;
        }

        .banner:hover {
            background-color: #ff9800;
            border-color: #ffeb3b;
            color: #fff;
            font-style: italic;
        }

        /* Dịch vụ chăm sóc thú cưng */
        .services {
            display: flex;
            flex-wrap: wrap;
            justify-content: center;
            margin: 20px 0;
        }

        .item {
            background-color: #ffffff;
            width: 45%;
            margin: 10px;
            padding: 20px;
            border-radius: 10px;
            box-shadow: 0 4px 8px rgba(0, 0, 0, 0.1);
            text-align: center;
            transition: transform 0.3s ease;
        }

        .item:hover {
            transform: scale(1.05);
        }

        /* Form */
        .container {
            width: 100%;
            max-width: 600px;
            margin: 0 auto;
            padding: 20px;
            background-color: white;
            border-radius: 10px;
            box-shadow: 0 2px 5px rgba(0, 0, 0, 0.1);
        }

        .form-group {
            margin-bottom: 15px;
        }

        input[type="text"], input[type="email"], input[type="tel"], select, input[type="submit"] {
            width: 100%;
            padding: 10px;
            font-size: 14px;
            border: 1px solid #ccc;
            border-radius: 5px;
            box-sizing: border-box;
        }

        input[type="submit"] {
            background-color: #4CAF50;
            color: white;
            cursor: pointer;
        }

        input[type="submit"]:hover {
            background-color: #45a049;
        }

        /* Footer */
        footer {
            text-align: center;
            padding: 20px;
            background-color: #333;
            color: white;
            margin-top: 40px;
        }

        /* Thiết kế đáp ứng */
        @media (max-width: 414px) {
            .container {
                width: 90%;
                padding: 15px;
            }
            .item {
                width: 90%;
            }
        }
    </style>
</head>
<body>

    <!-- Header -->
    <header>
        <h1>Chăm Sóc Thú Cưng</h1>
        <div class="slogan">"Chúng tôi yêu thú cưng của bạn!"</div>
    </header>

    <!-- Navigation -->
    <nav>
        <a href="#">Trang Chủ</a>
        <a href="#">Dịch Vụ</a>
        <a href="#">Liên Hệ</a>
    </nav>

    <!-- Banner -->
    <div class="banner">
        <h2>Chăm sóc thú cưng tốt nhất cho bạn và người bạn đồng hành của bạn!</h2>
    </div>

    <!-- Dịch Vụ -->
    <section class="services">
        <div class="item">
            <h3>Dịch Vụ Tắm Cho Thú Cưng</h3>
            <p>Chúng tôi cung cấp dịch vụ tắm cho mọi loại thú cưng.</p>
        </div>
        <div class="item">
            <h3>Dịch Vụ Cắt Lông Thú Cưng</h3>
            <p>Cắt lông, tỉa tót cho thú cưng của bạn thêm đẹp.</p>
        </div>
        <div class="item">
            <h3>Dịch Vụ Vệ Sinh Sức Khỏe</h3>
            <p>Chúng tôi chăm sóc sức khỏe cho thú cưng của bạn.</p>
        </div>
        <div class="item">
            <h3>Dịch Vụ Đào Tạo Thú Cưng</h3>
            <p>Đào tạo những thói quen tốt cho thú cưng của bạn.</p>
        </div>
    </section>

    <!-- Form đăng ký -->
    <div class="container">
        <h2>Đăng Ký Dịch Vụ Chăm Sóc Thú Cưng</h2>
        <form id="registrationForm">
            <div class="form-group">
                <label for="name">Họ và tên:</label>
                <input type="text" id="name" name="name" placeholder="Nhập họ và tên">
                <div id="nameError" class="error"></div>
            </div>

            <div class="form-group">
                <label for="email">Địa chỉ email:</label>
                <input type="email" id="email" name="email" placeholder="Nhập địa chỉ email">
                <div id="emailError" class="error"></div>
            </div>

            <div class="form-group">
                <label for="phone">Số điện thoại:</label>
                <input type="tel" id="phone" name="phone" placeholder="Nhập số điện thoại">
                <div id="phoneError" class="error"></div>
            </div>

            <div class="form-group">
                <label for="service">Loại dịch vụ:</label>
                <select id="service" name="service">
                    <option value="">Chọn loại dịch vụ</option>
                    <option value="tắm cho thú cưng">Tắm cho thú cưng</option>
                    <option value="cắt lông thú cưng">Cắt lông thú cưng</option>
                    <option value="vệ sinh sức khỏe">Vệ sinh sức khỏe</option>
                    <option value="đào tạo thú cưng">Đào tạo thú cưng</option>
                </select>
                <div id="serviceError" class="error"></div>
            </div>

            <div class="form-group">
                <input type="submit" value="Đăng ký">
            </div>
        </form>
    </div>

    <!-- Footer -->
    <footer>
        <p>Họ tên: Nguyễn Văn A | Mã sinh viên: 123456 | Lớp: K18CT</p>
    </footer>

    <script>
        document.getElementById('registrationForm').addEventListener('submit', function(event) {
            event.preventDefault();

            document.getElementById('nameError').innerText = '';
            document.getElementById('emailError').innerText = '';
            document.getElementById('phoneError').innerText = '';
            document.getElementById('serviceError').innerText = '';

            let isValid = true;

            const name = document.getElementById('name').value;
            if (name === '') {
                document.getElementById('nameError').innerText = 'Vui lòng nhập họ và tên.';
                isValid = false;
            }

            const email = document.getElementById('email').value;
            const emailRegex = /^[a-zA-Z0-9._-]+@[a-zA-Z0-9.-]+\.[a-zA-Z]{2,6}$/;
            if (email === '') {
                document.getElementById('emailError').innerText = 'Vui lòng nhập địa chỉ email.';
                isValid = false;
            } else if (!emailRegex.test(email)) {
                document.getElementById('emailError').innerText = 'Email không hợp lệ.';
                isValid = false;
            }

            const phone = document.getElementById('phone').value;
            const phoneRegex = /^[0-9]{10,11}$/;
            if (phone === '') {
                document.getElementById('phoneError').innerText = 'Vui lòng nhập số điện thoại.';
                isValid = false;
            } else if (!phoneRegex.test(phone)) {
                document.getElementById('phoneError').innerText = 'Số điện thoại không hợp lệ.';
                isValid = false;
            }

            const service = document.getElementById('service').value;
            if (service === '') {
                document.getElementById('serviceError').innerText = 'Vui lòng chọn loại dịch vụ.';
                isValid = false;
            }

            if (isValid) {
                alert('Đăng ký thành công!');
            }
        });
    </script>

</body>
</html>
